{
  "name": "tanks_2023",
  "version": "1.0.0",
  "lockfileVersion": 2,
  "requires": true,
  "packages": {
    "multiplayerserver": {
      "name": "multiplayerserver",
      "version": "1.0.0",
      "license": "ISC"
    },
    "multiplayerclient": {
      "name": "multiplayerclient",
      "version": "1.0.0",
      "license": "ISC"
    }
  }
}
