{
  "name": "the_framework",
  "version": "1.0.0",
  "lockfileVersion": 3,
  "requires": true,
  "packages": {
    "": {
      "name": "the_framework",
      "version": "1.0.0",
      "license": "ISC",
      "dependencies": {
        "lodash.attempt": "^4.2.0",
        "lodash.iserror": "^3.1.1"
      }
    },
    "node_modules/lodash.attempt": {
      "version": "4.2.0",
      "resolved": "https://registry.npmjs.org/lodash.attempt/-/lodash.attempt-4.2.0.tgz",
      "integrity": "sha512-/kzIeq3Q58dKA2CzzFq/HodjwL+tPBx8SWjTp+gGdDUiMFGTm8DHLOeOhA40a1o7X15AJFs5j9l138CDDRjB/w=="
    },
    "node_modules/lodash.iserror": {
      "version": "3.1.1",
      "resolved": "https://registry.npmjs.org/lodash.iserror/-/lodash.iserror-3.1.1.tgz",
      "integrity": "sha512-eT/VeNns9hS7vAj1NKW/rRX6b+C3UX3/IAAqEE7aC4Oo2C0iD82NaP5IS4bSlQsammTii4qBJ8G1zd1LTL8hCw=="
    }
  }
}
