{
  "name": "tanks_2023_shared",
  "version": "1.0.0",
  "lockfileVersion": 3,
  "requires": true,
  "packages": {
    "": {
      "name": "tanks_2023_shared",
      "version": "1.0.0",
      "license": "ISC",
      "dependencies": {
        "lodash.foreach": "^4.5.0"
      }
    },
    "node_modules/lodash.foreach": {
      "version": "4.5.0",
      "resolved": "https://registry.npmjs.org/lodash.foreach/-/lodash.foreach-4.5.0.tgz",
      "integrity": "sha512-aEXTF4d+m05rVOAUG3z4vZZ4xVexLKZGF0lIxuHZ1Hplpk/3B6Z1+/ICICYRLm7c41Z2xiejbkCkJoTlypoXhQ=="
    }
  }
}
